
Microsoft Visual Studio Solution File, Format Version 12.00
# Visual Studio 15
VisualStudioVersion = 15.0.28307.102
MinimumVisualStudioVersion = 10.0.40219.1
Project("{FAE04EC0-301F-11D3-BF4B-00C04F79EFBC}") = "ClassLibrary4", "ClassLibrary4\ClassLibrary4.csproj", "{EF58DF7D-332E-4779-9A04-C0CACE5A85E9}"
EndProject
Global
	GlobalSection(SolutionConfigurationPlatforms) = preSolution
		Debug|Any CPU = Debug|Any CPU
		Release|Any CPU = Release|Any CPU
	EndGlobalSection
	GlobalSection(ProjectConfigurationPlatforms) = postSolution
		{EF58DF7D-332E-4779-9A04-C0CACE5A85E9}.Debug|Any CPU.ActiveCfg = Debug|Any CPU
		{EF58DF7D-332E-4779-9A04-C0CACE5A85E9}.Debug|Any CPU.Build.0 = Debug|Any CPU
		{EF58DF7D-332E-4779-9A04-C0CACE5A85E9}.Release|Any CPU.ActiveCfg = Release|Any CPU
		{EF58DF7D-332E-4779-9A04-C0CACE5A85E9}.Release|Any CPU.Build.0 = Release|Any CPU
	EndGlobalSection
	GlobalSection(SolutionProperties) = preSolution
		HideSolutionNode = FALSE
	EndGlobalSection
	GlobalSection(ExtensibilityGlobals) = postSolution
		SolutionGuid = {5CD49EF0-7A4B-4C0A-835F-52C9CA9185DD}
	EndGlobalSection
EndGlobal
